
Microsoft Visual Studio Solution File, Format Version 12.00
# Visual Studio Version 17
VisualStudioVersion = 17.8.34322.80
MinimumVisualStudioVersion = 10.0.40219.1
Project("{FAE04EC0-301F-11D3-BF4B-00C04F79EFBC}") = "BlazorAppTest2", "BlazorAppTest2\BlazorAppTest2\BlazorAppTest2.csproj", "{C2214B84-3E83-4559-B04B-A0BDD3E3C9A5}"
EndProject
Project("{FAE04EC0-301F-11D3-BF4B-00C04F79EFBC}") = "BlazorAppTest2.Client", "BlazorAppTest2\BlazorAppTest2.Client\BlazorAppTest2.Client.csproj", "{3EA7E038-7EEA-45AF-BD75-E087FD8AB9D3}"
EndProject
Global
	GlobalSection(SolutionConfigurationPlatforms) = preSolution
		Debug|Any CPU = Debug|Any CPU
		Release|Any CPU = Release|Any CPU
	EndGlobalSection
	GlobalSection(ProjectConfigurationPlatforms) = postSolution
		{C2214B84-3E83-4559-B04B-A0BDD3E3C9A5}.Debug|Any CPU.ActiveCfg = Debug|Any CPU
		{C2214B84-3E83-4559-B04B-A0BDD3E3C9A5}.Debug|Any CPU.Build.0 = Debug|Any CPU
		{C2214B84-3E83-4559-B04B-A0BDD3E3C9A5}.Release|Any CPU.ActiveCfg = Release|Any CPU
		{C2214B84-3E83-4559-B04B-A0BDD3E3C9A5}.Release|Any CPU.Build.0 = Release|Any CPU
		{3EA7E038-7EEA-45AF-BD75-E087FD8AB9D3}.Debug|Any CPU.ActiveCfg = Debug|Any CPU
		{3EA7E038-7EEA-45AF-BD75-E087FD8AB9D3}.Debug|Any CPU.Build.0 = Debug|Any CPU
		{3EA7E038-7EEA-45AF-BD75-E087FD8AB9D3}.Release|Any CPU.ActiveCfg = Release|Any CPU
		{3EA7E038-7EEA-45AF-BD75-E087FD8AB9D3}.Release|Any CPU.Build.0 = Release|Any CPU
	EndGlobalSection
	GlobalSection(SolutionProperties) = preSolution
		HideSolutionNode = FALSE
	EndGlobalSection
	GlobalSection(ExtensibilityGlobals) = postSolution
		SolutionGuid = {F314F3C0-3C31-40D1-98C7-E1C496BC7B17}
	EndGlobalSection
EndGlobal
